
Microsoft Visual Studio Solution File, Format Version 12.00
# Visual Studio Version 16
VisualStudioVersion = 16.0.31129.286
MinimumVisualStudioVersion = 10.0.40219.1
Project("{FAE04EC0-301F-11D3-BF4B-00C04F79EFBC}") = "GradeLink", "GradeLink\GradeLink.csproj", "{CECA01C2-BED0-4F9C-9FF9-900985580968}"
EndProject
Global
	GlobalSection(SolutionConfigurationPlatforms) = preSolution
		Debug|Any CPU = Debug|Any CPU
		Release|Any CPU = Release|Any CPU
	EndGlobalSection
	GlobalSection(ProjectConfigurationPlatforms) = postSolution
		{CECA01C2-BED0-4F9C-9FF9-900985580968}.Debug|Any CPU.ActiveCfg = Debug|Any CPU
		{CECA01C2-BED0-4F9C-9FF9-900985580968}.Debug|Any CPU.Build.0 = Debug|Any CPU
		{CECA01C2-BED0-4F9C-9FF9-900985580968}.Release|Any CPU.ActiveCfg = Release|Any CPU
		{CECA01C2-BED0-4F9C-9FF9-900985580968}.Release|Any CPU.Build.0 = Release|Any CPU
	EndGlobalSection
	GlobalSection(SolutionProperties) = preSolution
		HideSolutionNode = FALSE
	EndGlobalSection
	GlobalSection(ExtensibilityGlobals) = postSolution
		SolutionGuid = {0E7D4453-9495-42D1-9495-9B05C647941C}
	EndGlobalSection
EndGlobal
